
Microsoft Visual Studio Solution File, Format Version 12.00
# Visual Studio Version 16
VisualStudioVersion = 16.0.30011.22
MinimumVisualStudioVersion = 10.0.40219.1
Project("{FAE04EC0-301F-11D3-BF4B-00C04F79EFBC}") = "FloatToolGUI", "FloatToolGUI\FloatToolGUI.csproj", "{A5906B52-BA1B-481C-BF4C-3028EF52A925}"
EndProject
Project("{FAE04EC0-301F-11D3-BF4B-00C04F79EFBC}") = "Updater", "Updater\Updater.csproj", "{239C41D8-4405-461B-9706-7C03D7A87903}"
EndProject
Global
	GlobalSection(SolutionConfigurationPlatforms) = preSolution
		Debug|Any CPU = Debug|Any CPU
		Debug|x64 = Debug|x64
		Debug|x86 = Debug|x86
		Release|Any CPU = Release|Any CPU
		Release|x64 = Release|x64
		Release|x86 = Release|x86
	EndGlobalSection
	GlobalSection(ProjectConfigurationPlatforms) = postSolution
		{A5906B52-BA1B-481C-BF4C-3028EF52A925}.Debug|Any CPU.ActiveCfg = Debug|Any CPU
		{A5906B52-BA1B-481C-BF4C-3028EF52A925}.Debug|Any CPU.Build.0 = Debug|Any CPU
		{A5906B52-BA1B-481C-BF4C-3028EF52A925}.Debug|x64.ActiveCfg = Debug|x64
		{A5906B52-BA1B-481C-BF4C-3028EF52A925}.Debug|x64.Build.0 = Debug|x64
		{A5906B52-BA1B-481C-BF4C-3028EF52A925}.Debug|x86.ActiveCfg = Debug|Any CPU
		{A5906B52-BA1B-481C-BF4C-3028EF52A925}.Debug|x86.Build.0 = Debug|Any CPU
		{A5906B52-BA1B-481C-BF4C-3028EF52A925}.Release|Any CPU.ActiveCfg = Release|Any CPU
		{A5906B52-BA1B-481C-BF4C-3028EF52A925}.Release|Any CPU.Build.0 = Release|Any CPU
		{A5906B52-BA1B-481C-BF4C-3028EF52A925}.Release|x64.ActiveCfg = Release|x64
		{A5906B52-BA1B-481C-BF4C-3028EF52A925}.Release|x64.Build.0 = Release|x64
		{A5906B52-BA1B-481C-BF4C-3028EF52A925}.Release|x86.ActiveCfg = Release|Any CPU
		{A5906B52-BA1B-481C-BF4C-3028EF52A925}.Release|x86.Build.0 = Release|Any CPU
		{239C41D8-4405-461B-9706-7C03D7A87903}.Debug|Any CPU.ActiveCfg = Debug|Any CPU
		{239C41D8-4405-461B-9706-7C03D7A87903}.Debug|Any CPU.Build.0 = Debug|Any CPU
		{239C41D8-4405-461B-9706-7C03D7A87903}.Debug|x64.ActiveCfg = Debug|Any CPU
		{239C41D8-4405-461B-9706-7C03D7A87903}.Debug|x64.Build.0 = Debug|Any CPU
		{239C41D8-4405-461B-9706-7C03D7A87903}.Debug|x86.ActiveCfg = Debug|Any CPU
		{239C41D8-4405-461B-9706-7C03D7A87903}.Debug|x86.Build.0 = Debug|Any CPU
		{239C41D8-4405-461B-9706-7C03D7A87903}.Release|Any CPU.ActiveCfg = Release|Any CPU
		{239C41D8-4405-461B-9706-7C03D7A87903}.Release|Any CPU.Build.0 = Release|Any CPU
		{239C41D8-4405-461B-9706-7C03D7A87903}.Release|x64.ActiveCfg = Release|Any CPU
		{239C41D8-4405-461B-9706-7C03D7A87903}.Release|x64.Build.0 = Release|Any CPU
		{239C41D8-4405-461B-9706-7C03D7A87903}.Release|x86.ActiveCfg = Release|Any CPU
		{239C41D8-4405-461B-9706-7C03D7A87903}.Release|x86.Build.0 = Release|Any CPU
	EndGlobalSection
	GlobalSection(SolutionProperties) = preSolution
		HideSolutionNode = FALSE
	EndGlobalSection
	GlobalSection(ExtensibilityGlobals) = postSolution
		SolutionGuid = {BD77D20C-F287-4395-A963-6EC6CCE65704}
	EndGlobalSection
EndGlobal
